# This file is automatically @generated by Poetry 2.2.1 and should not be changed by hand.

[[package]]
name = "babel"
version = "2.17.0"
description = "Internationalization utilities"
optional = false
python-versions = ">=3.8"
groups = ["main"]
files = [
    {file = "babel-2.17.0-py3-none-any.whl", hash = "sha256:4d0b53093fdfb4b21c92b5213dba5a1b23885afa8383709427046b21c366e5f2"},
    {file = "babel-2.17.0.tar.gz", hash = "sha256:0c54cffb19f690cdcc52a3b50bcbf71e07a808d1c80d549f2459b9d2cf0afb9d"},
]

[package.extras]
dev = ["backports.zoneinfo ; python_version < \"3.9\"", "freezegun (>=1.0,<2.0)", "jinja2 (>=3.0)", "pytest (>=6.0)", "pytest-cov", "pytz", "setuptools", "tzdata ; sys_platform == \"win32\""]

[[package]]
name = "tkcalendar"
version = "1.6.1"
description = "Calendar and DateEntry widgets for Tkinter"
optional = false
python-versions = "*"
groups = ["main"]
files = [
    {file = "tkcalendar-1.6.1-py3-none-any.whl", hash = "sha256:9d3a80816a7b32d64fab696fa3d2a007fb23c87953267d5e343a38ff4cd7c15c"},
    {file = "tkcalendar-1.6.1.tar.gz", hash = "sha256:5edf958c0a59429e90309e9b805b2e229192bbcab952460247204d7030eea5cf"},
]

[package.dependencies]
babel = "*"

[metadata]
lock-version = "2.1"
python-versions = ">=3.10"
content-hash = "211e287edf4dc397d9f50b175650552ac97b9acf83f01a2e2448852e59781b74"
